<Solution>
  <Folder Name="/Solution Items/">
    <File Path="Directory.Build.props" />
    <File Path="Directory.Packages.props" />
  </Folder>
  <Folder Name="/src/_host/">
    <Project Path="src/StarterKit.WebApi/StarterKit.WebApi.csproj" />
    <Project Path="src/StarterKit.AppHost/StarterKit.AppHost.csproj" Id="3cad9f77-5df6-4bd7-b05f-b2fa870e0e3f" />
    <Project Path="src/StarterKit.ServiceDefaults/StarterKit.ServiceDefaults.csproj" Id="90c9a63c-8d7e-44b0-8409-ddb612fe6817" />
  </Folder>
  <Folder Name="/src/_framework/">
    <Project Path="src/EventBusMassTransitRabbitMQ/EventBusMassTransitRabbitMQ.csproj" />
    <Project Path="src/Infrastructure/Infrastructure.csproj" />
    <Project Path="src/Persistence/Persistence.csproj" />
    <Project Path="src/Shared/Shared.csproj" />
  </Folder>
  <Folder Name="/src/" />
  <Folder Name="/src/identity-module/">
    <Project Path="src/Identity.Contracts/Identity.Contracts.csproj" />
    <Project Path="src/Identity/Identity.csproj" />
    <Project Path="src/Identity.Web/Identity.Web.csproj" />
  </Folder>
  <Folder Name="/src/_migrations/">
    <Project Path="src/Migrations/MSSQL/MSSQL.csproj" />
    <Project Path="src/Migrations/PostgreSQL/PostgreSQL.csproj" />
    <Project Path="src/Migrations/Sqlite/Sqlite.csproj" />
  </Folder>
  <Folder Name="/tests/">
    <File Path="tests/ModuleTests.props" />
    <Project Path="tests/Framework.Tests/Framework.Tests.csproj" />
    <Project Path="tests/Identity.Tests/Identity.Tests.csproj" />
  </Folder>
</Solution>
